// !$*UTF8*$!
{
	archiveVersion = 1;
	classes = {
	};
	objectVersion = 46;
	objects = {

/* Begin PBXBuildFile section */
		C46A68296567EFB0307B539E /* libPods.a in Frameworks */ = {isa = PBXBuildFile; fileRef = 6A35448378BD88EDD8A3A92B /* libPods.a */; };
		FA01B8D51BAFA78E009510F3 /* Filters.m in Sources */ = {isa = PBXBuildFile; fileRef = FA01B8D41BAFA78E009510F3 /* Filters.m */; };
		FA01B8D81BAFBC7A009510F3 /* IdNameModel.m in Sources */ = {isa = PBXBuildFile; fileRef = FA01B8D71BAFBC7A009510F3 /* IdNameModel.m */; };
		FA958A4F1BABBAF6005562C9 /* charts.html in Resources */ = {isa = PBXBuildFile; fileRef = FA958A4E1BABBAF6005562C9 /* charts.html */; };
		FAB0D5861BAA624A0095AEDB /* main.m in Sources */ = {isa = PBXBuildFile; fileRef = FAB0D5851BAA624A0095AEDB /* main.m */; };
		FAB0D5891BAA624A0095AEDB /* AppDelegate.m in Sources */ = {isa = PBXBuildFile; fileRef = FAB0D5881BAA624A0095AEDB /* AppDelegate.m */; };
		FAB0D58C1BAA624A0095AEDB /* MainViewController.m in Sources */ = {isa = PBXBuildFile; fileRef = FAB0D58B1BAA624A0095AEDB /* MainViewController.m */; };
		FAB0D58F1BAA624A0095AEDB /* MainIPad.storyboard in Resources */ = {isa = PBXBuildFile; fileRef = FAB0D58D1BAA624A0095AEDB /* MainIPad.storyboard */; };
		FAB0D5911BAA624A0095AEDB /* Images.xcassets in Resources */ = {isa = PBXBuildFile; fileRef = FAB0D5901BAA624A0095AEDB /* Images.xcassets */; };
		FAB0D5941BAA624A0095AEDB /* LaunchScreen.xib in Resources */ = {isa = PBXBuildFile; fileRef = FAB0D5921BAA624A0095AEDB /* LaunchScreen.xib */; };
		FAB0D5AD1BAA626E0095AEDB /* Data.m in Sources */ = {isa = PBXBuildFile; fileRef = FAB0D5AC1BAA626E0095AEDB /* Data.m */; };
		FAB0D5B31BAA77D60095AEDB /* Product.m in Sources */ = {isa = PBXBuildFile; fileRef = FAB0D5B21BAA77D60095AEDB /* Product.m */; };
		FAB0D5B71BAA781F0095AEDB /* Industry.m in Sources */ = {isa = PBXBuildFile; fileRef = FAB0D5B61BAA781F0095AEDB /* Industry.m */; };
		FAB0D5BA1BAA785A0095AEDB /* Region.m in Sources */ = {isa = PBXBuildFile; fileRef = FAB0D5B91BAA785A0095AEDB /* Region.m */; };
		FAB0D5BD1BAA78740095AEDB /* SalesRep.m in Sources */ = {isa = PBXBuildFile; fileRef = FAB0D5BC1BAA78740095AEDB /* SalesRep.m */; };
		FAB6EED81BB8DB3800E5F947 /* bar.html in Resources */ = {isa = PBXBuildFile; fileRef = FAB6EED71BB8DB3800E5F947 /* bar.html */; settings = {ASSET_TAGS = (); }; };
		FAB6EEDA1BB8DC6100E5F947 /* column.html in Resources */ = {isa = PBXBuildFile; fileRef = FAB6EED91BB8DC6100E5F947 /* column.html */; settings = {ASSET_TAGS = (); }; };
		FAB6EEDC1BB8DC9600E5F947 /* pie.html in Resources */ = {isa = PBXBuildFile; fileRef = FAB6EEDB1BB8DC9600E5F947 /* pie.html */; settings = {ASSET_TAGS = (); }; };
		FAB6EEE01BB8DCC200E5F947 /* line.html in Resources */ = {isa = PBXBuildFile; fileRef = FAB6EEDF1BB8DCC200E5F947 /* line.html */; settings = {ASSET_TAGS = (); }; };
		FAB6EEE21BB8DD4B00E5F947 /* MainIPhone.storyboard in Resources */ = {isa = PBXBuildFile; fileRef = FAB6EEE11BB8DD4B00E5F947 /* MainIPhone.storyboard */; settings = {ASSET_TAGS = (); }; };
		FAB6EEE51BB8DDE400E5F947 /* ChartBaseViewController.m in Sources */ = {isa = PBXBuildFile; fileRef = FAB6EEE41BB8DDE400E5F947 /* ChartBaseViewController.m */; settings = {ASSET_TAGS = (); }; };
		FAB6EEE91BB8E1EF00E5F947 /* ByIndustryViewController.m in Sources */ = {isa = PBXBuildFile; fileRef = FAB6EEE81BB8E1EF00E5F947 /* ByIndustryViewController.m */; settings = {ASSET_TAGS = (); }; };
		FAB6EEEC1BB8E2E100E5F947 /* ByProductViewController.m in Sources */ = {isa = PBXBuildFile; fileRef = FAB6EEEB1BB8E2E100E5F947 /* ByProductViewController.m */; settings = {ASSET_TAGS = (); }; };
		FAB6EEEF1BB8E33300E5F947 /* BySalesRepViewController.m in Sources */ = {isa = PBXBuildFile; fileRef = FAB6EEEE1BB8E33300E5F947 /* BySalesRepViewController.m */; settings = {ASSET_TAGS = (); }; };
		FAB6EEF21BB8E39500E5F947 /* ByQuarterViewController.m in Sources */ = {isa = PBXBuildFile; fileRef = FAB6EEF11BB8E39500E5F947 /* ByQuarterViewController.m */; settings = {ASSET_TAGS = (); }; };
		FADE042D1BABF1720051DB1E /* FiltersViewController.m in Sources */ = {isa = PBXBuildFile; fileRef = FADE042C1BABF1720051DB1E /* FiltersViewController.m */; };
/* End PBXBuildFile section */

/* Begin PBXFileReference section */
		3D1551B8ED54951273562DCA /* Pods.release.xcconfig */ = {isa = PBXFileReference; includeInIndex = 1; lastKnownFileType = text.xcconfig; name = Pods.release.xcconfig; path = "Pods/Target Support Files/Pods/Pods.release.xcconfig"; sourceTree = "<group>"; };
		6A35448378BD88EDD8A3A92B /* libPods.a */ = {isa = PBXFileReference; explicitFileType = archive.ar; includeInIndex = 0; path = libPods.a; sourceTree = BUILT_PRODUCTS_DIR; };
		72A69BB41B6702E9A2F9794C /* Pods.debug.xcconfig */ = {isa = PBXFileReference; includeInIndex = 1; lastKnownFileType = text.xcconfig; name = Pods.debug.xcconfig; path = "Pods/Target Support Files/Pods/Pods.debug.xcconfig"; sourceTree = "<group>"; };
		FA01B8D31BAFA78E009510F3 /* Filters.h */ = {isa = PBXFileReference; fileEncoding = 4; lastKnownFileType = sourcecode.c.h; name = Filters.h; path = Classes/Filters.h; sourceTree = "<group>"; };
		FA01B8D41BAFA78E009510F3 /* Filters.m */ = {isa = PBXFileReference; fileEncoding = 4; lastKnownFileType = sourcecode.c.objc; name = Filters.m; path = Classes/Filters.m; sourceTree = "<group>"; };
		FA01B8D61BAFBC7A009510F3 /* IdNameModel.h */ = {isa = PBXFileReference; fileEncoding = 4; lastKnownFileType = sourcecode.c.h; name = IdNameModel.h; path = Classes/IdNameModel.h; sourceTree = "<group>"; };
		FA01B8D71BAFBC7A009510F3 /* IdNameModel.m */ = {isa = PBXFileReference; fileEncoding = 4; lastKnownFileType = sourcecode.c.objc; name = IdNameModel.m; path = Classes/IdNameModel.m; sourceTree = "<group>"; };
		FA958A4E1BABBAF6005562C9 /* charts.html */ = {isa = PBXFileReference; fileEncoding = 4; lastKnownFileType = text.html; path = charts.html; sourceTree = "<group>"; };
		FAB0D5801BAA624A0095AEDB /* AnyChartObjCSample.app */ = {isa = PBXFileReference; explicitFileType = wrapper.application; includeInIndex = 0; path = AnyChartObjCSample.app; sourceTree = BUILT_PRODUCTS_DIR; };
		FAB0D5841BAA624A0095AEDB /* Info.plist */ = {isa = PBXFileReference; lastKnownFileType = text.plist.xml; path = Info.plist; sourceTree = "<group>"; };
		FAB0D5851BAA624A0095AEDB /* main.m */ = {isa = PBXFileReference; lastKnownFileType = sourcecode.c.objc; path = main.m; sourceTree = "<group>"; };
		FAB0D5871BAA624A0095AEDB /* AppDelegate.h */ = {isa = PBXFileReference; lastKnownFileType = sourcecode.c.h; path = AppDelegate.h; sourceTree = "<group>"; };
		FAB0D5881BAA624A0095AEDB /* AppDelegate.m */ = {isa = PBXFileReference; lastKnownFileType = sourcecode.c.objc; path = AppDelegate.m; sourceTree = "<group>"; };
		FAB0D58A1BAA624A0095AEDB /* MainViewController.h */ = {isa = PBXFileReference; lastKnownFileType = sourcecode.c.h; path = MainViewController.h; sourceTree = "<group>"; };
		FAB0D58B1BAA624A0095AEDB /* MainViewController.m */ = {isa = PBXFileReference; lastKnownFileType = sourcecode.c.objc; path = MainViewController.m; sourceTree = "<group>"; };
		FAB0D58E1BAA624A0095AEDB /* Base */ = {isa = PBXFileReference; lastKnownFileType = file.storyboard; name = Base; path = Base.lproj/MainIPad.storyboard; sourceTree = "<group>"; };
		FAB0D5901BAA624A0095AEDB /* Images.xcassets */ = {isa = PBXFileReference; lastKnownFileType = folder.assetcatalog; path = Images.xcassets; sourceTree = "<group>"; };
		FAB0D5931BAA624A0095AEDB /* Base */ = {isa = PBXFileReference; lastKnownFileType = file.xib; name = Base; path = Base.lproj/LaunchScreen.xib; sourceTree = "<group>"; };
		FAB0D5AB1BAA626E0095AEDB /* Data.h */ = {isa = PBXFileReference; fileEncoding = 4; lastKnownFileType = sourcecode.c.h; name = Data.h; path = Classes/Data.h; sourceTree = "<group>"; };
		FAB0D5AC1BAA626E0095AEDB /* Data.m */ = {isa = PBXFileReference; fileEncoding = 4; lastKnownFileType = sourcecode.c.objc; name = Data.m; path = Classes/Data.m; sourceTree = "<group>"; };
		FAB0D5B11BAA77D60095AEDB /* Product.h */ = {isa = PBXFileReference; fileEncoding = 4; lastKnownFileType = sourcecode.c.h; name = Product.h; path = Classes/Product.h; sourceTree = "<group>"; };
		FAB0D5B21BAA77D60095AEDB /* Product.m */ = {isa = PBXFileReference; fileEncoding = 4; lastKnownFileType = sourcecode.c.objc; name = Product.m; path = Classes/Product.m; sourceTree = "<group>"; };
		FAB0D5B51BAA781F0095AEDB /* Industry.h */ = {isa = PBXFileReference; fileEncoding = 4; lastKnownFileType = sourcecode.c.h; name = Industry.h; path = Classes/Industry.h; sourceTree = "<group>"; };
		FAB0D5B61BAA781F0095AEDB /* Industry.m */ = {isa = PBXFileReference; fileEncoding = 4; lastKnownFileType = sourcecode.c.objc; name = Industry.m; path = Classes/Industry.m; sourceTree = "<group>"; };
		FAB0D5B81BAA785A0095AEDB /* Region.h */ = {isa = PBXFileReference; fileEncoding = 4; lastKnownFileType = sourcecode.c.h; name = Region.h; path = Classes/Region.h; sourceTree = "<group>"; };
		FAB0D5B91BAA785A0095AEDB /* Region.m */ = {isa = PBXFileReference; fileEncoding = 4; lastKnownFileType = sourcecode.c.objc; name = Region.m; path = Classes/Region.m; sourceTree = "<group>"; };
		FAB0D5BB1BAA78740095AEDB /* SalesRep.h */ = {isa = PBXFileReference; fileEncoding = 4; lastKnownFileType = sourcecode.c.h; name = SalesRep.h; path = Classes/SalesRep.h; sourceTree = "<group>"; };
		FAB0D5BC1BAA78740095AEDB /* SalesRep.m */ = {isa = PBXFileReference; fileEncoding = 4; lastKnownFileType = sourcecode.c.objc; name = SalesRep.m; path = Classes/SalesRep.m; sourceTree = "<group>"; };
		FAB6EED71BB8DB3800E5F947 /* bar.html */ = {isa = PBXFileReference; fileEncoding = 4; lastKnownFileType = text.html; path = bar.html; sourceTree = "<group>"; };
		FAB6EED91BB8DC6100E5F947 /* column.html */ = {isa = PBXFileReference; fileEncoding = 4; lastKnownFileType = text.html; path = column.html; sourceTree = "<group>"; };
		FAB6EEDB1BB8DC9600E5F947 /* pie.html */ = {isa = PBXFileReference; fileEncoding = 4; lastKnownFileType = text.html; path = pie.html; sourceTree = "<group>"; };
		FAB6EEDF1BB8DCC200E5F947 /* line.html */ = {isa = PBXFileReference; fileEncoding = 4; lastKnownFileType = text.html; path = line.html; sourceTree = "<group>"; };
		FAB6EEE11BB8DD4B00E5F947 /* MainIPhone.storyboard */ = {isa = PBXFileReference; fileEncoding = 4; lastKnownFileType = file.storyboard; path = MainIPhone.storyboard; sourceTree = "<group>"; };
		FAB6EEE31BB8DDE400E5F947 /* ChartBaseViewController.h */ = {isa = PBXFileReference; fileEncoding = 4; lastKnownFileType = sourcecode.c.h; name = ChartBaseViewController.h; path = Classes/ChartBaseViewController.h; sourceTree = "<group>"; };
		FAB6EEE41BB8DDE400E5F947 /* ChartBaseViewController.m */ = {isa = PBXFileReference; fileEncoding = 4; lastKnownFileType = sourcecode.c.objc; name = ChartBaseViewController.m; path = Classes/ChartBaseViewController.m; sourceTree = "<group>"; };
		FAB6EEE71BB8E1EF00E5F947 /* ByIndustryViewController.h */ = {isa = PBXFileReference; fileEncoding = 4; lastKnownFileType = sourcecode.c.h; name = ByIndustryViewController.h; path = Classes/ByIndustryViewController.h; sourceTree = "<group>"; };
		FAB6EEE81BB8E1EF00E5F947 /* ByIndustryViewController.m */ = {isa = PBXFileReference; fileEncoding = 4; lastKnownFileType = sourcecode.c.objc; name = ByIndustryViewController.m; path = Classes/ByIndustryViewController.m; sourceTree = "<group>"; };
		FAB6EEEA1BB8E2E100E5F947 /* ByProductViewController.h */ = {isa = PBXFileReference; fileEncoding = 4; lastKnownFileType = sourcecode.c.h; name = ByProductViewController.h; path = Classes/ByProductViewController.h; sourceTree = "<group>"; };
		FAB6EEEB1BB8E2E100E5F947 /* ByProductViewController.m */ = {isa = PBXFileReference; fileEncoding = 4; lastKnownFileType = sourcecode.c.objc; name = ByProductViewController.m; path = Classes/ByProductViewController.m; sourceTree = "<group>"; };
		FAB6EEED1BB8E33300E5F947 /* BySalesRepViewController.h */ = {isa = PBXFileReference; fileEncoding = 4; lastKnownFileType = sourcecode.c.h; name = BySalesRepViewController.h; path = Classes/BySalesRepViewController.h; sourceTree = "<group>"; };
		FAB6EEEE1BB8E33300E5F947 /* BySalesRepViewController.m */ = {isa = PBXFileReference; fileEncoding = 4; lastKnownFileType = sourcecode.c.objc; name = BySalesRepViewController.m; path = Classes/BySalesRepViewController.m; sourceTree = "<group>"; };
		FAB6EEF01BB8E39500E5F947 /* ByQuarterViewController.h */ = {isa = PBXFileReference; fileEncoding = 4; lastKnownFileType = sourcecode.c.h; name = ByQuarterViewController.h; path = Classes/ByQuarterViewController.h; sourceTree = "<group>"; };
		FAB6EEF11BB8E39500E5F947 /* ByQuarterViewController.m */ = {isa = PBXFileReference; fileEncoding = 4; lastKnownFileType = sourcecode.c.objc; name = ByQuarterViewController.m; path = Classes/ByQuarterViewController.m; sourceTree = "<group>"; };
		FADE042B1BABF1720051DB1E /* FiltersViewController.h */ = {isa = PBXFileReference; fileEncoding = 4; lastKnownFileType = sourcecode.c.h; name = FiltersViewController.h; path = Classes/FiltersViewController.h; sourceTree = "<group>"; };
		FADE042C1BABF1720051DB1E /* FiltersViewController.m */ = {isa = PBXFileReference; fileEncoding = 4; lastKnownFileType = sourcecode.c.objc; name = FiltersViewController.m; path = Classes/FiltersViewController.m; sourceTree = "<group>"; };
/* End PBXFileReference section */

/* Begin PBXFrameworksBuildPhase section */
		FAB0D57D1BAA624A0095AEDB /* Frameworks */ = {
			isa = PBXFrameworksBuildPhase;
			buildActionMask = 2147483647;
			files = (
				C46A68296567EFB0307B539E /* libPods.a in Frameworks */,
			);
			runOnlyForDeploymentPostprocessing = 0;
		};
/* End PBXFrameworksBuildPhase section */

/* Begin PBXGroup section */
		E2D33FCCE277541023D1F17B /* Pods */ = {
			isa = PBXGroup;
			children = (
				72A69BB41B6702E9A2F9794C /* Pods.debug.xcconfig */,
				3D1551B8ED54951273562DCA /* Pods.release.xcconfig */,
			);
			name = Pods;
			sourceTree = "<group>";
		};
		FAB0D5771BAA624A0095AEDB = {
			isa = PBXGroup;
			children = (
				FAB0D5821BAA624A0095AEDB /* AnyChartObjCSample */,
				FAB0D5B01BAA62900095AEDB /* Frameworks */,
				FAB0D5811BAA624A0095AEDB /* Products */,
				E2D33FCCE277541023D1F17B /* Pods */,
			);
			sourceTree = "<group>";
		};
		FAB0D5811BAA624A0095AEDB /* Products */ = {
			isa = PBXGroup;
			children = (
				FAB0D5801BAA624A0095AEDB /* AnyChartObjCSample.app */,
			);
			name = Products;
			sourceTree = "<group>";
		};
		FAB0D5821BAA624A0095AEDB /* AnyChartObjCSample */ = {
			isa = PBXGroup;
			children = (
				FAB0D5A91BAA62510095AEDB /* Views */,
				FAB0D5AA1BAA625B0095AEDB /* Data */,
				FAB0D5871BAA624A0095AEDB /* AppDelegate.h */,
				FAB0D5881BAA624A0095AEDB /* AppDelegate.m */,
				FAB0D5901BAA624A0095AEDB /* Images.xcassets */,
				FAB0D5831BAA624A0095AEDB /* Supporting Files */,
			);
			path = AnyChartObjCSample;
			sourceTree = "<group>";
		};
		FAB0D5831BAA624A0095AEDB /* Supporting Files */ = {
			isa = PBXGroup;
			children = (
				FAB0D5841BAA624A0095AEDB /* Info.plist */,
				FAB0D5851BAA624A0095AEDB /* main.m */,
			);
			name = "Supporting Files";
			sourceTree = "<group>";
		};
		FAB0D5A91BAA62510095AEDB /* Views */ = {
			isa = PBXGroup;
			children = (
				FAB6EED61BB8DB2100E5F947 /* Charts */,
				FAB6EEE61BB8E14100E5F947 /* iPhone */,
				FAB6EEF31BB92A0A00E5F947 /* iPad */,
				FAB0D5921BAA624A0095AEDB /* LaunchScreen.xib */,
			);
			name = Views;
			sourceTree = "<group>";
		};
		FAB0D5AA1BAA625B0095AEDB /* Data */ = {
			isa = PBXGroup;
			children = (
				FAB0D5B41BAA77DB0095AEDB /* Models */,
				FAB0D5AB1BAA626E0095AEDB /* Data.h */,
				FAB0D5AC1BAA626E0095AEDB /* Data.m */,
				FA01B8D31BAFA78E009510F3 /* Filters.h */,
				FA01B8D41BAFA78E009510F3 /* Filters.m */,
			);
			name = Data;
			sourceTree = "<group>";
		};
		FAB0D5B01BAA62900095AEDB /* Frameworks */ = {
			isa = PBXGroup;
			children = (
				6A35448378BD88EDD8A3A92B /* libPods.a */,
			);
			name = Frameworks;
			path = AnyChartObjCSample;
			sourceTree = "<group>";
		};
		FAB0D5B41BAA77DB0095AEDB /* Models */ = {
			isa = PBXGroup;
			children = (
				FAB0D5B11BAA77D60095AEDB /* Product.h */,
				FAB0D5B21BAA77D60095AEDB /* Product.m */,
				FAB0D5B51BAA781F0095AEDB /* Industry.h */,
				FAB0D5B61BAA781F0095AEDB /* Industry.m */,
				FAB0D5B81BAA785A0095AEDB /* Region.h */,
				FAB0D5B91BAA785A0095AEDB /* Region.m */,
				FAB0D5BB1BAA78740095AEDB /* SalesRep.h */,
				FAB0D5BC1BAA78740095AEDB /* SalesRep.m */,
				FA01B8D61BAFBC7A009510F3 /* IdNameModel.h */,
				FA01B8D71BAFBC7A009510F3 /* IdNameModel.m */,
			);
			name = Models;
			sourceTree = "<group>";
		};
		FAB6EED61BB8DB2100E5F947 /* Charts */ = {
			isa = PBXGroup;
			children = (
				FA958A4E1BABBAF6005562C9 /* charts.html */,
				FAB6EED71BB8DB3800E5F947 /* bar.html */,
				FAB6EED91BB8DC6100E5F947 /* column.html */,
				FAB6EEDB1BB8DC9600E5F947 /* pie.html */,
				FAB6EEDF1BB8DCC200E5F947 /* line.html */,
			);
			name = Charts;
			sourceTree = "<group>";
		};
		FAB6EEE61BB8E14100E5F947 /* iPhone */ = {
			isa = PBXGroup;
			children = (
				FAB6EEE11BB8DD4B00E5F947 /* MainIPhone.storyboard */,
				FAB6EEE31BB8DDE400E5F947 /* ChartBaseViewController.h */,
				FAB6EEE41BB8DDE400E5F947 /* ChartBaseViewController.m */,
				FAB6EEE71BB8E1EF00E5F947 /* ByIndustryViewController.h */,
				FAB6EEE81BB8E1EF00E5F947 /* ByIndustryViewController.m */,
				FAB6EEEA1BB8E2E100E5F947 /* ByProductViewController.h */,
				FAB6EEEB1BB8E2E100E5F947 /* ByProductViewController.m */,
				FAB6EEED1BB8E33300E5F947 /* BySalesRepViewController.h */,
				FAB6EEEE1BB8E33300E5F947 /* BySalesRepViewController.m */,
				FAB6EEF01BB8E39500E5F947 /* ByQuarterViewController.h */,
				FAB6EEF11BB8E39500E5F947 /* ByQuarterViewController.m */,
				FADE042B1BABF1720051DB1E /* FiltersViewController.h */,
				FADE042C1BABF1720051DB1E /* FiltersViewController.m */,
			);
			name = iPhone;
			sourceTree = "<group>";
		};
		FAB6EEF31BB92A0A00E5F947 /* iPad */ = {
			isa = PBXGroup;
			children = (
				FAB0D58D1BAA624A0095AEDB /* MainIPad.storyboard */,
				FAB0D58A1BAA624A0095AEDB /* MainViewController.h */,
				FAB0D58B1BAA624A0095AEDB /* MainViewController.m */,
			);
			name = iPad;
			sourceTree = "<group>";
		};
/* End PBXGroup section */

/* Begin PBXNativeTarget section */
		FAB0D57F1BAA624A0095AEDB /* AnyChartObjCSample */ = {
			isa = PBXNativeTarget;
			buildConfigurationList = FAB0D5A31BAA624A0095AEDB /* Build configuration list for PBXNativeTarget "AnyChartObjCSample" */;
			buildPhases = (
				38B433D2BE0B52810B8792AD /* Check Pods Manifest.lock */,
				FAB0D57C1BAA624A0095AEDB /* Sources */,
				FAB0D57D1BAA624A0095AEDB /* Frameworks */,
				FAB0D57E1BAA624A0095AEDB /* Resources */,
				1C982083A00EA33B3DB0CDBC /* Copy Pods Resources */,
			);
			buildRules = (
			);
			dependencies = (
			);
			name = AnyChartObjCSample;
			productName = AnyChartObjCSample;
			productReference = FAB0D5801BAA624A0095AEDB /* AnyChartObjCSample.app */;
			productType = "com.apple.product-type.application";
		};
/* End PBXNativeTarget section */

/* Begin PBXProject section */
		FAB0D5781BAA624A0095AEDB /* Project object */ = {
			isa = PBXProject;
			attributes = {
				LastUpgradeCheck = 0640;
				ORGANIZATIONNAME = AnyChart;
				TargetAttributes = {
					FAB0D57F1BAA624A0095AEDB = {
						CreatedOnToolsVersion = 6.4;
					};
				};
			};
			buildConfigurationList = FAB0D57B1BAA624A0095AEDB /* Build configuration list for PBXProject "AnyChartObjCSample" */;
			compatibilityVersion = "Xcode 3.2";
			developmentRegion = English;
			hasScannedForEncodings = 0;
			knownRegions = (
				en,
				Base,
			);
			mainGroup = FAB0D5771BAA624A0095AEDB;
			productRefGroup = FAB0D5811BAA624A0095AEDB /* Products */;
			projectDirPath = "";
			projectRoot = "";
			targets = (
				FAB0D57F1BAA624A0095AEDB /* AnyChartObjCSample */,
			);
		};
/* End PBXProject section */

/* Begin PBXResourcesBuildPhase section */
		FAB0D57E1BAA624A0095AEDB /* Resources */ = {
			isa = PBXResourcesBuildPhase;
			buildActionMask = 2147483647;
			files = (
				FAB0D58F1BAA624A0095AEDB /* MainIPad.storyboard in Resources */,
				FAB0D5941BAA624A0095AEDB /* LaunchScreen.xib in Resources */,
				FAB6EEDA1BB8DC6100E5F947 /* column.html in Resources */,
				FAB6EED81BB8DB3800E5F947 /* bar.html in Resources */,
				FAB6EEE21BB8DD4B00E5F947 /* MainIPhone.storyboard in Resources */,
				FAB6EEE01BB8DCC200E5F947 /* line.html in Resources */,
				FAB0D5911BAA624A0095AEDB /* Images.xcassets in Resources */,
				FAB6EEDC1BB8DC9600E5F947 /* pie.html in Resources */,
				FA958A4F1BABBAF6005562C9 /* charts.html in Resources */,
			);
			runOnlyForDeploymentPostprocessing = 0;
		};
/* End PBXResourcesBuildPhase section */

/* Begin PBXShellScriptBuildPhase section */
		1C982083A00EA33B3DB0CDBC /* Copy Pods Resources */ = {
			isa = PBXShellScriptBuildPhase;
			buildActionMask = 2147483647;
			files = (
			);
			inputPaths = (
			);
			name = "Copy Pods Resources";
			outputPaths = (
			);
			runOnlyForDeploymentPostprocessing = 0;
			shellPath = /bin/sh;
			shellScript = "\"${SRCROOT}/Pods/Target Support Files/Pods/Pods-resources.sh\"\n";
			showEnvVarsInLog = 0;
		};
		38B433D2BE0B52810B8792AD /* Check Pods Manifest.lock */ = {
			isa = PBXShellScriptBuildPhase;
			buildActionMask = 2147483647;
			files = (
			);
			inputPaths = (
			);
			name = "Check Pods Manifest.lock";
			outputPaths = (
			);
			runOnlyForDeploymentPostprocessing = 0;
			shellPath = /bin/sh;
			shellScript = "diff \"${PODS_ROOT}/../Podfile.lock\" \"${PODS_ROOT}/Manifest.lock\" > /dev/null\nif [[ $? != 0 ]] ; then\n    cat << EOM\nerror: The sandbox is not in sync with the Podfile.lock. Run 'pod install' or update your CocoaPods installation.\nEOM\n    exit 1\nfi\n";
			showEnvVarsInLog = 0;
		};
/* End PBXShellScriptBuildPhase section */

/* Begin PBXSourcesBuildPhase section */
		FAB0D57C1BAA624A0095AEDB /* Sources */ = {
			isa = PBXSourcesBuildPhase;
			buildActionMask = 2147483647;
			files = (
				FAB6EEE91BB8E1EF00E5F947 /* ByIndustryViewController.m in Sources */,
				FAB0D5BA1BAA785A0095AEDB /* Region.m in Sources */,
				FAB6EEF21BB8E39500E5F947 /* ByQuarterViewController.m in Sources */,
				FA01B8D81BAFBC7A009510F3 /* IdNameModel.m in Sources */,
				FAB0D58C1BAA624A0095AEDB /* MainViewController.m in Sources */,
				FAB6EEEF1BB8E33300E5F947 /* BySalesRepViewController.m in Sources */,
				FAB0D5B71BAA781F0095AEDB /* Industry.m in Sources */,
				FAB6EEE51BB8DDE400E5F947 /* ChartBaseViewController.m in Sources */,
				FA01B8D51BAFA78E009510F3 /* Filters.m in Sources */,
				FAB0D5B31BAA77D60095AEDB /* Product.m in Sources */,
				FAB0D5BD1BAA78740095AEDB /* SalesRep.m in Sources */,
				FAB0D5891BAA624A0095AEDB /* AppDelegate.m in Sources */,
				FADE042D1BABF1720051DB1E /* FiltersViewController.m in Sources */,
				FAB0D5861BAA624A0095AEDB /* main.m in Sources */,
				FAB0D5AD1BAA626E0095AEDB /* Data.m in Sources */,
				FAB6EEEC1BB8E2E100E5F947 /* ByProductViewController.m in Sources */,
			);
			runOnlyForDeploymentPostprocessing = 0;
		};
/* End PBXSourcesBuildPhase section */

/* Begin PBXVariantGroup section */
		FAB0D58D1BAA624A0095AEDB /* MainIPad.storyboard */ = {
			isa = PBXVariantGroup;
			children = (
				FAB0D58E1BAA624A0095AEDB /* Base */,
			);
			name = MainIPad.storyboard;
			sourceTree = "<group>";
		};
		FAB0D5921BAA624A0095AEDB /* LaunchScreen.xib */ = {
			isa = PBXVariantGroup;
			children = (
				FAB0D5931BAA624A0095AEDB /* Base */,
			);
			name = LaunchScreen.xib;
			sourceTree = "<group>";
		};
/* End PBXVariantGroup section */

/* Begin XCBuildConfiguration section */
		FAB0D5A11BAA624A0095AEDB /* Debug */ = {
			isa = XCBuildConfiguration;
			buildSettings = {
				ALWAYS_SEARCH_USER_PATHS = NO;
				CLANG_CXX_LANGUAGE_STANDARD = "gnu++0x";
				CLANG_CXX_LIBRARY = "libc++";
				CLANG_ENABLE_MODULES = YES;
				CLANG_ENABLE_OBJC_ARC = YES;
				CLANG_WARN_BOOL_CONVERSION = YES;
				CLANG_WARN_CONSTANT_CONVERSION = YES;
				CLANG_WARN_DIRECT_OBJC_ISA_USAGE = YES_ERROR;
				CLANG_WARN_EMPTY_BODY = YES;
				CLANG_WARN_ENUM_CONVERSION = YES;
				CLANG_WARN_INT_CONVERSION = YES;
				CLANG_WARN_OBJC_ROOT_CLASS = YES_ERROR;
				CLANG_WARN_UNREACHABLE_CODE = YES;
				CLANG_WARN__DUPLICATE_METHOD_MATCH = YES;
				"CODE_SIGN_IDENTITY[sdk=iphoneos*]" = "iPhone Developer";
				COPY_PHASE_STRIP = NO;
				DEBUG_INFORMATION_FORMAT = "dwarf-with-dsym";
				ENABLE_STRICT_OBJC_MSGSEND = YES;
				GCC_C_LANGUAGE_STANDARD = gnu99;
				GCC_DYNAMIC_NO_PIC = NO;
				GCC_NO_COMMON_BLOCKS = YES;
				GCC_OPTIMIZATION_LEVEL = 0;
				GCC_PREPROCESSOR_DEFINITIONS = (
					"DEBUG=1",
					"$(inherited)",
				);
				GCC_SYMBOLS_PRIVATE_EXTERN = NO;
				GCC_WARN_64_TO_32_BIT_CONVERSION = YES;
				GCC_WARN_ABOUT_RETURN_TYPE = YES_ERROR;
				GCC_WARN_UNDECLARED_SELECTOR = YES;
				GCC_WARN_UNINITIALIZED_AUTOS = YES_AGGRESSIVE;
				GCC_WARN_UNUSED_FUNCTION = YES;
				GCC_WARN_UNUSED_VARIABLE = YES;
				IPHONEOS_DEPLOYMENT_TARGET = 8.4;
				MTL_ENABLE_DEBUG_INFO = YES;
				ONLY_ACTIVE_ARCH = YES;
				SDKROOT = iphoneos;
				TARGETED_DEVICE_FAMILY = "1,2";
			};
			name = Debug;
		};
		FAB0D5A21BAA624A0095AEDB /* Release */ = {
			isa = XCBuildConfiguration;
			buildSettings = {
				ALWAYS_SEARCH_USER_PATHS = NO;
				CLANG_CXX_LANGUAGE_STANDARD = "gnu++0x";
				CLANG_CXX_LIBRARY = "libc++";
				CLANG_ENABLE_MODULES = YES;
				CLANG_ENABLE_OBJC_ARC = YES;
				CLANG_WARN_BOOL_CONVERSION = YES;
				CLANG_WARN_CONSTANT_CONVERSION = YES;
				CLANG_WARN_DIRECT_OBJC_ISA_USAGE = YES_ERROR;
				CLANG_WARN_EMPTY_BODY = YES;
				CLANG_WARN_ENUM_CONVERSION = YES;
				CLANG_WARN_INT_CONVERSION = YES;
				CLANG_WARN_OBJC_ROOT_CLASS = YES_ERROR;
				CLANG_WARN_UNREACHABLE_CODE = YES;
				CLANG_WARN__DUPLICATE_METHOD_MATCH = YES;
				"CODE_SIGN_IDENTITY[sdk=iphoneos*]" = "iPhone Developer";
				COPY_PHASE_STRIP = NO;
				DEBUG_INFORMATION_FORMAT = "dwarf-with-dsym";
				ENABLE_NS_ASSERTIONS = NO;
				ENABLE_STRICT_OBJC_MSGSEND = YES;
				GCC_C_LANGUAGE_STANDARD = gnu99;
				GCC_NO_COMMON_BLOCKS = YES;
				GCC_WARN_64_TO_32_BIT_CONVERSION = YES;
				GCC_WARN_ABOUT_RETURN_TYPE = YES_ERROR;
				GCC_WARN_UNDECLARED_SELECTOR = YES;
				GCC_WARN_UNINITIALIZED_AUTOS = YES_AGGRESSIVE;
				GCC_WARN_UNUSED_FUNCTION = YES;
				GCC_WARN_UNUSED_VARIABLE = YES;
				IPHONEOS_DEPLOYMENT_TARGET = 8.4;
				MTL_ENABLE_DEBUG_INFO = NO;
				SDKROOT = iphoneos;
				TARGETED_DEVICE_FAMILY = "1,2";
				VALIDATE_PRODUCT = YES;
			};
			name = Release;
		};
		FAB0D5A41BAA624A0095AEDB /* Debug */ = {
			isa = XCBuildConfiguration;
			baseConfigurationReference = 72A69BB41B6702E9A2F9794C /* Pods.debug.xcconfig */;
			buildSettings = {
				ASSETCATALOG_COMPILER_APPICON_NAME = AppIcon;
				INFOPLIST_FILE = AnyChartObjCSample/Info.plist;
				LD_RUNPATH_SEARCH_PATHS = "$(inherited) @executable_path/Frameworks";
				PRODUCT_NAME = "$(TARGET_NAME)";
			};
			name = Debug;
		};
		FAB0D5A51BAA624A0095AEDB /* Release */ = {
			isa = XCBuildConfiguration;
			baseConfigurationReference = 3D1551B8ED54951273562DCA /* Pods.release.xcconfig */;
			buildSettings = {
				ASSETCATALOG_COMPILER_APPICON_NAME = AppIcon;
				INFOPLIST_FILE = AnyChartObjCSample/Info.plist;
				LD_RUNPATH_SEARCH_PATHS = "$(inherited) @executable_path/Frameworks";
				PRODUCT_NAME = "$(TARGET_NAME)";
			};
			name = Release;
		};
/* End XCBuildConfiguration section */

/* Begin XCConfigurationList section */
		FAB0D57B1BAA624A0095AEDB /* Build configuration list for PBXProject "AnyChartObjCSample" */ = {
			isa = XCConfigurationList;
			buildConfigurations = (
				FAB0D5A11BAA624A0095AEDB /* Debug */,
				FAB0D5A21BAA624A0095AEDB /* Release */,
			);
			defaultConfigurationIsVisible = 0;
			defaultConfigurationName = Release;
		};
		FAB0D5A31BAA624A0095AEDB /* Build configuration list for PBXNativeTarget "AnyChartObjCSample" */ = {
			isa = XCConfigurationList;
			buildConfigurations = (
				FAB0D5A41BAA624A0095AEDB /* Debug */,
				FAB0D5A51BAA624A0095AEDB /* Release */,
			);
			defaultConfigurationIsVisible = 0;
			defaultConfigurationName = Release;
		};
/* End XCConfigurationList section */
	};
	rootObject = FAB0D5781BAA624A0095AEDB /* Project object */;
}
